{
    "version": 3,
    "terraform_version": "0.7.9",
    "serial": 0,
    "lineage": "41c3147c-8cc7-46ec-955e-1faf65e30d81",
    "modules": [
        {
            "path": [
                "root"
            ],
            "outputs": {},
            "resources": {
                "aws_db_instance.demo-app-qa": {
                    "type": "aws_db_instance",
                    "depends_on": [
                        "aws_db_subnet_group.rds_sn_group",
                        "aws_security_group.rds"
                    ],
                    "primary": {
                        "id": "tf-20161206110215041758185o75",
                        "attributes": {
                            "address": "tf-20161206110215041758185o75.czbt7soi9r9s.ap-south-1.rds.amazonaws.com",
                            "allocated_storage": "20",
                            "arn": "arn:aws:rds:ap-south-1:112514411076:db:tf-20161206110215041758185o75",
                            "auto_minor_version_upgrade": "true",
                            "availability_zone": "ap-south-1a",
                            "backup_retention_period": "0",
                            "backup_window": "23:33-00:03",
                            "copy_tags_to_snapshot": "false",
                            "db_subnet_group_name": "rds_sn_group",
                            "endpoint": "tf-20161206110215041758185o75.czbt7soi9r9s.ap-south-1.rds.amazonaws.com:3306",
                            "engine": "mysql",
                            "engine_version": "5.6.27",
                            "id": "tf-20161206110215041758185o75",
                            "identifier": "tf-20161206110215041758185o75",
                            "instance_class": "db.t2.micro",
                            "iops": "0",
                            "kms_key_id": "",
                            "license_model": "general-public-license",
                            "maintenance_window": "fri:11:14-fri:11:44",
                            "monitoring_interval": "0",
                            "multi_az": "false",
                            "name": "demodatabase",
                            "option_group_name": "default:mysql-5-6",
                            "parameter_group_name": "default.mysql5.6",
                            "password": "password",
                            "port": "3306",
                            "publicly_accessible": "false",
                            "replicas.#": "0",
                            "replicate_source_db": "",
                            "security_group_names.#": "0",
                            "skip_final_snapshot": "true",
                            "status": "available",
                            "storage_encrypted": "false",
                            "storage_type": "standard",
                            "tags.%": "0",
                            "username": "root",
                            "vpc_security_group_ids.#": "1",
                            "vpc_security_group_ids.75077259": "sg-0490066d"
                        },
                        "meta": {},
                        "tainted": false
                    },
                    "deposed": [],
                    "provider": ""
                },
                "aws_db_subnet_group.rds_sn_group": {
                    "type": "aws_db_subnet_group",
                    "depends_on": [
                        "aws_subnet.ap_south_1a_private_be",
                        "aws_subnet.ap_south_1b_private"
                    ],
                    "primary": {
                        "id": "rds_sn_group",
                        "attributes": {
                            "arn": "arn:aws:rds:ap-south-1:112514411076:subgrp:rds_sn_group",
                            "description": "Managed by Terraform",
                            "id": "rds_sn_group",
                            "name": "rds_sn_group",
                            "subnet_ids.#": "2",
                            "subnet_ids.3071712841": "subnet-503bd21d",
                            "subnet_ids.4130007890": "subnet-cb842ca2",
                            "tags.%": "1",
                            "tags.Name": "My DB subnet group"
                        },
                        "meta": {},
                        "tainted": false
                    },
                    "deposed": [],
                    "provider": ""
                },
                "aws_eip.nat": {
                    "type": "aws_eip",
                    "depends_on": [],
                    "primary": {
                        "id": "eipalloc-f4f43b9d",
                        "attributes": {
                            "association_id": "",
                            "domain": "vpc",
                            "id": "eipalloc-f4f43b9d",
                            "instance": "",
                            "network_interface": "",
                            "private_ip": "",
                            "public_ip": "35.154.73.225",
                            "vpc": "true"
                        },
                        "meta": {},
                        "tainted": false
                    },
                    "deposed": [],
                    "provider": ""
                },
                "aws_internet_gateway.default": {
                    "type": "aws_internet_gateway",
                    "depends_on": [
                        "aws_vpc.default"
                    ],
                    "primary": {
                        "id": "igw-34b5605d",
                        "attributes": {
                            "id": "igw-34b5605d",
                            "tags.%": "1",
                            "tags.Name": "demo-app-vpc-igw",
                            "vpc_id": "vpc-0d10bc64"
                        },
                        "meta": {},
                        "tainted": false
                    },
                    "deposed": [],
                    "provider": ""
                },
                "aws_nat_gateway.ap_south_1b_nat_gateway": {
                    "type": "aws_nat_gateway",
                    "depends_on": [
                        "aws_eip.nat",
                        "aws_internet_gateway.default",
                        "aws_subnet.ap_south_1b_public"
                    ],
                    "primary": {
                        "id": "nat-0dd40101fa43a2c73",
                        "attributes": {
                            "allocation_id": "eipalloc-f4f43b9d",
                            "id": "nat-0dd40101fa43a2c73",
                            "network_interface_id": "eni-26a7916b",
                            "private_ip": "10.0.0.144",
                            "public_ip": "35.154.73.225",
                            "subnet_id": "subnet-4b3bd206"
                        },
                        "meta": {},
                        "tainted": false
                    },
                    "deposed": [],
                    "provider": ""
                },
                "aws_route.main": {
                    "type": "aws_route",
                    "depends_on": [
                        "aws_nat_gateway.ap_south_1b_nat_gateway",
                        "aws_vpc.default"
                    ],
                    "primary": {
                        "id": "r-rtb-47f94c2e1080289494",
                        "attributes": {
                            "destination_cidr_block": "0.0.0.0/0",
                            "destination_prefix_list_id": "",
                            "gateway_id": "",
                            "id": "r-rtb-47f94c2e1080289494",
                            "instance_id": "",
                            "instance_owner_id": "",
                            "nat_gateway_id": "nat-0dd40101fa43a2c73",
                            "network_interface_id": "",
                            "origin": "CreateRoute",
                            "route_table_id": "rtb-47f94c2e",
                            "state": "active",
                            "vpc_peering_connection_id": ""
                        },
                        "meta": {},
                        "tainted": false
                    },
                    "deposed": [],
                    "provider": ""
                },
                "aws_route_table.public": {
                    "type": "aws_route_table",
                    "depends_on": [
                        "aws_internet_gateway.default",
                        "aws_vpc.default"
                    ],
                    "primary": {
                        "id": "rtb-58f94c31",
                        "attributes": {
                            "id": "rtb-58f94c31",
                            "propagating_vgws.#": "0",
                            "route.#": "1",
                            "route.2644749426.cidr_block": "0.0.0.0/0",
                            "route.2644749426.gateway_id": "igw-34b5605d",
                            "route.2644749426.instance_id": "",
                            "route.2644749426.nat_gateway_id": "",
                            "route.2644749426.network_interface_id": "",
                            "route.2644749426.vpc_peering_connection_id": "",
                            "tags.%": "1",
                            "tags.Name": "Demo app Public Subnet Route Table",
                            "vpc_id": "vpc-0d10bc64"
                        },
                        "meta": {},
                        "tainted": false
                    },
                    "deposed": [],
                    "provider": ""
                },
                "aws_route_table_association.private1": {
                    "type": "aws_route_table_association",
                    "depends_on": [
                        "aws_subnet.ap_south_1b_private",
                        "aws_vpc.default"
                    ],
                    "primary": {
                        "id": "rtbassoc-2874fa41",
                        "attributes": {
                            "id": "rtbassoc-2874fa41",
                            "route_table_id": "rtb-47f94c2e",
                            "subnet_id": "subnet-503bd21d"
                        },
                        "meta": {},
                        "tainted": false
                    },
                    "deposed": [],
                    "provider": ""
                },
                "aws_route_table_association.private2": {
                    "type": "aws_route_table_association",
                    "depends_on": [
                        "aws_subnet.ap_south_1a_private_fe",
                        "aws_vpc.default"
                    ],
                    "primary": {
                        "id": "rtbassoc-2974fa40",
                        "attributes": {
                            "id": "rtbassoc-2974fa40",
                            "route_table_id": "rtb-47f94c2e",
                            "subnet_id": "subnet-c8842ca1"
                        },
                        "meta": {},
                        "tainted": false
                    },
                    "deposed": [],
                    "provider": ""
                },
                "aws_route_table_association.private3": {
                    "type": "aws_route_table_association",
                    "depends_on": [
                        "aws_subnet.ap_south_1a_private_be",
                        "aws_vpc.default"
                    ],
                    "primary": {
                        "id": "rtbassoc-5674fa3f",
                        "attributes": {
                            "id": "rtbassoc-5674fa3f",
                            "route_table_id": "rtb-47f94c2e",
                            "subnet_id": "subnet-cb842ca2"
                        },
                        "meta": {},
                        "tainted": false
                    },
                    "deposed": [],
                    "provider": ""
                },
                "aws_route_table_association.public1": {
                    "type": "aws_route_table_association",
                    "depends_on": [
                        "aws_route_table.public",
                        "aws_subnet.ap_south_1b_public"
                    ],
                    "primary": {
                        "id": "rtbassoc-7c74fa15",
                        "attributes": {
                            "id": "rtbassoc-7c74fa15",
                            "route_table_id": "rtb-58f94c31",
                            "subnet_id": "subnet-4b3bd206"
                        },
                        "meta": {},
                        "tainted": false
                    },
                    "deposed": [],
                    "provider": ""
                },
                "aws_route_table_association.public2": {
                    "type": "aws_route_table_association",
                    "depends_on": [
                        "aws_route_table.public",
                        "aws_subnet.ap_south_1a_public"
                    ],
                    "primary": {
                        "id": "rtbassoc-7f74fa16",
                        "attributes": {
                            "id": "rtbassoc-7f74fa16",
                            "route_table_id": "rtb-58f94c31",
                            "subnet_id": "subnet-ed842c84"
                        },
                        "meta": {},
                        "tainted": false
                    },
                    "deposed": [],
                    "provider": ""
                },
                "aws_security_group.bastion": {
                    "type": "aws_security_group",
                    "depends_on": [
                        "aws_vpc.default"
                    ],
                    "primary": {
                        "id": "sg-0f900666",
                        "attributes": {
                            "description": "Bastion security group",
                            "egress.#": "1",
                            "egress.482069346.cidr_blocks.#": "1",
                            "egress.482069346.cidr_blocks.0": "0.0.0.0/0",
                            "egress.482069346.from_port": "0",
                            "egress.482069346.prefix_list_ids.#": "0",
                            "egress.482069346.protocol": "-1",
                            "egress.482069346.security_groups.#": "0",
                            "egress.482069346.self": "false",
                            "egress.482069346.to_port": "0",
                            "id": "sg-0f900666",
                            "ingress.#": "2",
                            "ingress.3997175419.cidr_blocks.#": "1",
                            "ingress.3997175419.cidr_blocks.0": "156.107.33.122/32",
                            "ingress.3997175419.from_port": "22",
                            "ingress.3997175419.protocol": "tcp",
                            "ingress.3997175419.security_groups.#": "0",
                            "ingress.3997175419.self": "false",
                            "ingress.3997175419.to_port": "22",
                            "ingress.753360330.cidr_blocks.#": "0",
                            "ingress.753360330.from_port": "0",
                            "ingress.753360330.protocol": "-1",
                            "ingress.753360330.security_groups.#": "0",
                            "ingress.753360330.self": "true",
                            "ingress.753360330.to_port": "0",
                            "name": "Bastion Security Group",
                            "owner_id": "112514411076",
                            "tags.%": "1",
                            "tags.Name": " Bastion Security Group",
                            "vpc_id": "vpc-0d10bc64"
                        },
                        "meta": {},
                        "tainted": false
                    },
                    "deposed": [],
                    "provider": ""
                },
                "aws_security_group.elb": {
                    "type": "aws_security_group",
                    "depends_on": [
                        "aws_vpc.default"
                    ],
                    "primary": {
                        "id": "sg-0e900667",
                        "attributes": {
                            "description": "Elastic Load Balancer Instance SG",
                            "egress.#": "1",
                            "egress.482069346.cidr_blocks.#": "1",
                            "egress.482069346.cidr_blocks.0": "0.0.0.0/0",
                            "egress.482069346.from_port": "0",
                            "egress.482069346.prefix_list_ids.#": "0",
                            "egress.482069346.protocol": "-1",
                            "egress.482069346.security_groups.#": "0",
                            "egress.482069346.self": "false",
                            "egress.482069346.to_port": "0",
                            "id": "sg-0e900667",
                            "ingress.#": "2",
                            "ingress.2214680975.cidr_blocks.#": "1",
                            "ingress.2214680975.cidr_blocks.0": "0.0.0.0/0",
                            "ingress.2214680975.from_port": "80",
                            "ingress.2214680975.protocol": "tcp",
                            "ingress.2214680975.security_groups.#": "0",
                            "ingress.2214680975.self": "false",
                            "ingress.2214680975.to_port": "80",
                            "ingress.2617001939.cidr_blocks.#": "1",
                            "ingress.2617001939.cidr_blocks.0": "0.0.0.0/0",
                            "ingress.2617001939.from_port": "443",
                            "ingress.2617001939.protocol": "tcp",
                            "ingress.2617001939.security_groups.#": "0",
                            "ingress.2617001939.self": "false",
                            "ingress.2617001939.to_port": "443",
                            "name": "demo_app_elb_sg",
                            "owner_id": "112514411076",
                            "tags.%": "1",
                            "tags.Name": "Elastic Load Balancer Security Group",
                            "vpc_id": "vpc-0d10bc64"
                        },
                        "meta": {},
                        "tainted": false
                    },
                    "deposed": [],
                    "provider": ""
                },
                "aws_security_group.nat": {
                    "type": "aws_security_group",
                    "depends_on": [
                        "aws_security_group.rds",
                        "aws_security_group.web",
                        "aws_vpc.default"
                    ],
                    "primary": {
                        "id": "sg-1e900677",
                        "attributes": {
                            "description": "Allow traffic to pass from the private subnet to the internet",
                            "egress.#": "2",
                            "egress.2214680975.cidr_blocks.#": "1",
                            "egress.2214680975.cidr_blocks.0": "0.0.0.0/0",
                            "egress.2214680975.from_port": "80",
                            "egress.2214680975.prefix_list_ids.#": "0",
                            "egress.2214680975.protocol": "tcp",
                            "egress.2214680975.security_groups.#": "0",
                            "egress.2214680975.self": "false",
                            "egress.2214680975.to_port": "80",
                            "egress.2617001939.cidr_blocks.#": "1",
                            "egress.2617001939.cidr_blocks.0": "0.0.0.0/0",
                            "egress.2617001939.from_port": "443",
                            "egress.2617001939.prefix_list_ids.#": "0",
                            "egress.2617001939.protocol": "tcp",
                            "egress.2617001939.security_groups.#": "0",
                            "egress.2617001939.self": "false",
                            "egress.2617001939.to_port": "443",
                            "id": "sg-1e900677",
                            "ingress.#": "2",
                            "ingress.2397124886.cidr_blocks.#": "0",
                            "ingress.2397124886.from_port": "80",
                            "ingress.2397124886.protocol": "tcp",
                            "ingress.2397124886.security_groups.#": "2",
                            "ingress.2397124886.security_groups.1013581980": "sg-0590066c",
                            "ingress.2397124886.security_groups.75077259": "sg-0490066d",
                            "ingress.2397124886.self": "false",
                            "ingress.2397124886.to_port": "80",
                            "ingress.718411323.cidr_blocks.#": "0",
                            "ingress.718411323.from_port": "443",
                            "ingress.718411323.protocol": "tcp",
                            "ingress.718411323.security_groups.#": "2",
                            "ingress.718411323.security_groups.1013581980": "sg-0590066c",
                            "ingress.718411323.security_groups.75077259": "sg-0490066d",
                            "ingress.718411323.self": "false",
                            "ingress.718411323.to_port": "443",
                            "name": "vpc_nat",
                            "owner_id": "112514411076",
                            "tags.%": "1",
                            "tags.Name": "NAT Instance SG",
                            "vpc_id": "vpc-0d10bc64"
                        },
                        "meta": {},
                        "tainted": false
                    },
                    "deposed": [],
                    "provider": ""
                },
                "aws_security_group.rds": {
                    "type": "aws_security_group",
                    "depends_on": [
                        "aws_security_group.web",
                        "aws_vpc.default"
                    ],
                    "primary": {
                        "id": "sg-0490066d",
                        "attributes": {
                            "description": "RDS Instance SG",
                            "egress.#": "1",
                            "egress.482069346.cidr_blocks.#": "1",
                            "egress.482069346.cidr_blocks.0": "0.0.0.0/0",
                            "egress.482069346.from_port": "0",
                            "egress.482069346.prefix_list_ids.#": "0",
                            "egress.482069346.protocol": "-1",
                            "egress.482069346.security_groups.#": "0",
                            "egress.482069346.self": "false",
                            "egress.482069346.to_port": "0",
                            "id": "sg-0490066d",
                            "ingress.#": "1",
                            "ingress.2884786731.cidr_blocks.#": "0",
                            "ingress.2884786731.from_port": "3306",
                            "ingress.2884786731.protocol": "tcp",
                            "ingress.2884786731.security_groups.#": "1",
                            "ingress.2884786731.security_groups.1013581980": "sg-0590066c",
                            "ingress.2884786731.self": "false",
                            "ingress.2884786731.to_port": "3306",
                            "name": "rds_sg",
                            "owner_id": "112514411076",
                            "tags.%": "1",
                            "tags.Name": "RDS Instance Security Group",
                            "vpc_id": "vpc-0d10bc64"
                        },
                        "meta": {},
                        "tainted": false
                    },
                    "deposed": [],
                    "provider": ""
                },
                "aws_security_group.web": {
                    "type": "aws_security_group",
                    "depends_on": [
                        "aws_security_group.bastion",
                        "aws_security_group.elb",
                        "aws_vpc.default"
                    ],
                    "primary": {
                        "id": "sg-0590066c",
                        "attributes": {
                            "description": "Web Instance SG",
                            "egress.#": "1",
                            "egress.482069346.cidr_blocks.#": "1",
                            "egress.482069346.cidr_blocks.0": "0.0.0.0/0",
                            "egress.482069346.from_port": "0",
                            "egress.482069346.prefix_list_ids.#": "0",
                            "egress.482069346.protocol": "-1",
                            "egress.482069346.security_groups.#": "0",
                            "egress.482069346.self": "false",
                            "egress.482069346.to_port": "0",
                            "id": "sg-0590066c",
                            "ingress.#": "3",
                            "ingress.235969094.cidr_blocks.#": "0",
                            "ingress.235969094.from_port": "80",
                            "ingress.235969094.protocol": "tcp",
                            "ingress.235969094.security_groups.#": "1",
                            "ingress.235969094.security_groups.1941533894": "sg-0e900667",
                            "ingress.235969094.self": "false",
                            "ingress.235969094.to_port": "80",
                            "ingress.3792808576.cidr_blocks.#": "0",
                            "ingress.3792808576.from_port": "443",
                            "ingress.3792808576.protocol": "tcp",
                            "ingress.3792808576.security_groups.#": "1",
                            "ingress.3792808576.security_groups.1941533894": "sg-0e900667",
                            "ingress.3792808576.self": "false",
                            "ingress.3792808576.to_port": "443",
                            "ingress.789508433.cidr_blocks.#": "0",
                            "ingress.789508433.from_port": "22",
                            "ingress.789508433.protocol": "tcp",
                            "ingress.789508433.security_groups.#": "1",
                            "ingress.789508433.security_groups.894852813": "sg-0f900666",
                            "ingress.789508433.self": "false",
                            "ingress.789508433.to_port": "22",
                            "name": "web_instance_sg",
                            "owner_id": "112514411076",
                            "tags.%": "1",
                            "tags.Name": "EC2 Instance Security Group",
                            "vpc_id": "vpc-0d10bc64"
                        },
                        "meta": {},
                        "tainted": false
                    },
                    "deposed": [],
                    "provider": ""
                },
                "aws_subnet.ap_south_1a_private_be": {
                    "type": "aws_subnet",
                    "depends_on": [
                        "aws_nat_gateway.ap_south_1b_nat_gateway",
                        "aws_vpc.default"
                    ],
                    "primary": {
                        "id": "subnet-cb842ca2",
                        "attributes": {
                            "availability_zone": "ap-south-1a",
                            "cidr_block": "10.0.3.0/24",
                            "id": "subnet-cb842ca2",
                            "map_public_ip_on_launch": "false",
                            "tags.%": "1",
                            "tags.Name": "Private Subnet for ap-south-1a",
                            "vpc_id": "vpc-0d10bc64"
                        },
                        "meta": {},
                        "tainted": false
                    },
                    "deposed": [],
                    "provider": ""
                },
                "aws_subnet.ap_south_1a_private_fe": {
                    "type": "aws_subnet",
                    "depends_on": [
                        "aws_nat_gateway.ap_south_1b_nat_gateway",
                        "aws_vpc.default"
                    ],
                    "primary": {
                        "id": "subnet-c8842ca1",
                        "attributes": {
                            "availability_zone": "ap-south-1a",
                            "cidr_block": "10.0.2.0/24",
                            "id": "subnet-c8842ca1",
                            "map_public_ip_on_launch": "false",
                            "tags.%": "1",
                            "tags.Name": "Private Subnet for ap-south-1a",
                            "vpc_id": "vpc-0d10bc64"
                        },
                        "meta": {},
                        "tainted": false
                    },
                    "deposed": [],
                    "provider": ""
                },
                "aws_subnet.ap_south_1a_public": {
                    "type": "aws_subnet",
                    "depends_on": [
                        "aws_internet_gateway.default",
                        "aws_vpc.default"
                    ],
                    "primary": {
                        "id": "subnet-ed842c84",
                        "attributes": {
                            "availability_zone": "ap-south-1a",
                            "cidr_block": "10.0.5.0/24",
                            "id": "subnet-ed842c84",
                            "map_public_ip_on_launch": "false",
                            "tags.%": "1",
                            "tags.Name": "Public Subnet for ap-south-1a",
                            "vpc_id": "vpc-0d10bc64"
                        },
                        "meta": {},
                        "tainted": false
                    },
                    "deposed": [],
                    "provider": ""
                },
                "aws_subnet.ap_south_1b_private": {
                    "type": "aws_subnet",
                    "depends_on": [
                        "aws_nat_gateway.ap_south_1b_nat_gateway",
                        "aws_vpc.default"
                    ],
                    "primary": {
                        "id": "subnet-503bd21d",
                        "attributes": {
                            "availability_zone": "ap-south-1b",
                            "cidr_block": "10.0.1.0/24",
                            "id": "subnet-503bd21d",
                            "map_public_ip_on_launch": "false",
                            "tags.%": "1",
                            "tags.Name": "Private Subnet for ap-south-1b",
                            "vpc_id": "vpc-0d10bc64"
                        },
                        "meta": {},
                        "tainted": false
                    },
                    "deposed": [],
                    "provider": ""
                },
                "aws_subnet.ap_south_1b_public": {
                    "type": "aws_subnet",
                    "depends_on": [
                        "aws_internet_gateway.default",
                        "aws_vpc.default"
                    ],
                    "primary": {
                        "id": "subnet-4b3bd206",
                        "attributes": {
                            "availability_zone": "ap-south-1b",
                            "cidr_block": "10.0.0.0/24",
                            "id": "subnet-4b3bd206",
                            "map_public_ip_on_launch": "false",
                            "tags.%": "1",
                            "tags.Name": "Public Subnet for ap-south-1b",
                            "vpc_id": "vpc-0d10bc64"
                        },
                        "meta": {},
                        "tainted": false
                    },
                    "deposed": [],
                    "provider": ""
                },
                "aws_vpc.default": {
                    "type": "aws_vpc",
                    "depends_on": [],
                    "primary": {
                        "id": "vpc-0d10bc64",
                        "attributes": {
                            "cidr_block": "10.0.0.0/16",
                            "default_network_acl_id": "acl-ae9238c7",
                            "default_route_table_id": "rtb-47f94c2e",
                            "default_security_group_id": "sg-3490065d",
                            "dhcp_options_id": "dopt-c6dc7aaf",
                            "enable_dns_hostnames": "true",
                            "enable_dns_support": "true",
                            "id": "vpc-0d10bc64",
                            "instance_tenancy": "default",
                            "main_route_table_id": "rtb-47f94c2e",
                            "tags.%": "2",
                            "tags.Env": "dev",
                            "tags.Name": "demo-app-vpc"
                        },
                        "meta": {},
                        "tainted": false
                    },
                    "deposed": [],
                    "provider": ""
                }
            },
            "depends_on": []
        }
    ]
}
